
Microsoft Visual Studio Solution File, Format Version 12.00
# Visual Studio Version 16
VisualStudioVersion = 16.0.30611.23
MinimumVisualStudioVersion = 10.0.40219.1
Project("{FAE04EC0-301F-11D3-BF4B-00C04F79EFBC}") = "MemberMicroservice", "MemberMicroservice\MemberMicroservice.csproj", "{01A0437E-7FFA-451F-9CA0-3DFE4451DD8F}"
EndProject
Global
	GlobalSection(SolutionConfigurationPlatforms) = preSolution
		Debug|Any CPU = Debug|Any CPU
		Release|Any CPU = Release|Any CPU
	EndGlobalSection
	GlobalSection(ProjectConfigurationPlatforms) = postSolution
		{01A0437E-7FFA-451F-9CA0-3DFE4451DD8F}.Debug|Any CPU.ActiveCfg = Debug|Any CPU
		{01A0437E-7FFA-451F-9CA0-3DFE4451DD8F}.Debug|Any CPU.Build.0 = Debug|Any CPU
		{01A0437E-7FFA-451F-9CA0-3DFE4451DD8F}.Release|Any CPU.ActiveCfg = Release|Any CPU
		{01A0437E-7FFA-451F-9CA0-3DFE4451DD8F}.Release|Any CPU.Build.0 = Release|Any CPU
	EndGlobalSection
	GlobalSection(SolutionProperties) = preSolution
		HideSolutionNode = FALSE
	EndGlobalSection
	GlobalSection(ExtensibilityGlobals) = postSolution
		SolutionGuid = {DFADC7F6-B1FD-4D3B-98E2-9A77D1BCFE75}
	EndGlobalSection
EndGlobal
