
Microsoft Visual Studio Solution File, Format Version 12.00
# Visual Studio Version 16
VisualStudioVersion = 16.0.30611.23
MinimumVisualStudioVersion = 10.0.40219.1
Project("{FAE04EC0-301F-11D3-BF4B-00C04F79EFBC}") = "MemberMicroservice", "MemberMicroservice.csproj", "{1C0A392E-A468-4209-ACC1-7E0ED2EB2C77}"
EndProject
Global
	GlobalSection(SolutionConfigurationPlatforms) = preSolution
		Debug|Any CPU = Debug|Any CPU
		Release|Any CPU = Release|Any CPU
	EndGlobalSection
	GlobalSection(ProjectConfigurationPlatforms) = postSolution
		{1C0A392E-A468-4209-ACC1-7E0ED2EB2C77}.Debug|Any CPU.ActiveCfg = Debug|Any CPU
		{1C0A392E-A468-4209-ACC1-7E0ED2EB2C77}.Debug|Any CPU.Build.0 = Debug|Any CPU
		{1C0A392E-A468-4209-ACC1-7E0ED2EB2C77}.Release|Any CPU.ActiveCfg = Release|Any CPU
		{1C0A392E-A468-4209-ACC1-7E0ED2EB2C77}.Release|Any CPU.Build.0 = Release|Any CPU
	EndGlobalSection
	GlobalSection(SolutionProperties) = preSolution
		HideSolutionNode = FALSE
	EndGlobalSection
	GlobalSection(ExtensibilityGlobals) = postSolution
		SolutionGuid = {E436F8EC-C38F-47C0-93F8-540DA0B96932}
	EndGlobalSection
EndGlobal
